
Microsoft Visual Studio Solution File, Format Version 12.00
# Visual Studio Version 17
VisualStudioVersion = 17.8.34330.188
MinimumVisualStudioVersion = 10.0.40219.1
Project("{FAE04EC0-301F-11D3-BF4B-00C04F79EFBC}") = "MMS.Web", "MMS.Web\MMS.Web.csproj", "{34D60BF9-EDC9-49E6-ABF3-0D1793E05F55}"
EndProject
Project("{FAE04EC0-301F-11D3-BF4B-00C04F79EFBC}") = "ENCO.Common", "MMS.Common\ENCO.Common.csproj", "{BD2CD120-BFD3-4708-9B21-6128E4D85198}"
EndProject
Project("{FAE04EC0-301F-11D3-BF4B-00C04F79EFBC}") = "ENCO.Core", "MMS.Core\ENCO.Core.csproj", "{5B38ECC7-6710-4360-8D87-E7B7B7275608}"
EndProject
Project("{FAE04EC0-301F-11D3-BF4B-00C04F79EFBC}") = "ENCO.Data", "MMS.Data\ENCO.Data.csproj", "{4E0A5464-1130-4290-9B4E-9E08DEF4120E}"
EndProject
Project("{FAE04EC0-301F-11D3-BF4B-00C04F79EFBC}") = "ENCO.Repository", "MMS.Repository\ENCO.Repository.csproj", "{6D3A7D98-ACE0-447A-8693-FEFA14B6F950}"
EndProject
Project("{FAE04EC0-301F-11D3-BF4B-00C04F79EFBC}") = "Reports", "Reports\Reports.csproj", "{096ABB7C-A09C-46E4-A280-A3962AFDACA2}"
EndProject
Project("{FAE04EC0-301F-11D3-BF4B-00C04F79EFBC}") = "MRPCalculationService", "MRPCalculationService\MRPCalculationService.csproj", "{B665EC52-5420-4048-8705-781153771A13}"
EndProject
Global
	GlobalSection(SolutionConfigurationPlatforms) = preSolution
		Debug|Any CPU = Debug|Any CPU
		Debug|x64 = Debug|x64
		Release|Any CPU = Release|Any CPU
		Release|x64 = Release|x64
	EndGlobalSection
	GlobalSection(ProjectConfigurationPlatforms) = postSolution
		{34D60BF9-EDC9-49E6-ABF3-0D1793E05F55}.Debug|Any CPU.ActiveCfg = Debug|Any CPU
		{34D60BF9-EDC9-49E6-ABF3-0D1793E05F55}.Debug|Any CPU.Build.0 = Debug|Any CPU
		{34D60BF9-EDC9-49E6-ABF3-0D1793E05F55}.Debug|x64.ActiveCfg = Debug|Any CPU
		{34D60BF9-EDC9-49E6-ABF3-0D1793E05F55}.Debug|x64.Build.0 = Debug|Any CPU
		{34D60BF9-EDC9-49E6-ABF3-0D1793E05F55}.Release|Any CPU.ActiveCfg = Release|Any CPU
		{34D60BF9-EDC9-49E6-ABF3-0D1793E05F55}.Release|Any CPU.Build.0 = Release|Any CPU
		{34D60BF9-EDC9-49E6-ABF3-0D1793E05F55}.Release|x64.ActiveCfg = Release|Any CPU
		{34D60BF9-EDC9-49E6-ABF3-0D1793E05F55}.Release|x64.Build.0 = Release|Any CPU
		{BD2CD120-BFD3-4708-9B21-6128E4D85198}.Debug|Any CPU.ActiveCfg = Debug|Any CPU
		{BD2CD120-BFD3-4708-9B21-6128E4D85198}.Debug|Any CPU.Build.0 = Debug|Any CPU
		{BD2CD120-BFD3-4708-9B21-6128E4D85198}.Debug|x64.ActiveCfg = Debug|Any CPU
		{BD2CD120-BFD3-4708-9B21-6128E4D85198}.Debug|x64.Build.0 = Debug|Any CPU
		{BD2CD120-BFD3-4708-9B21-6128E4D85198}.Release|Any CPU.ActiveCfg = Release|Any CPU
		{BD2CD120-BFD3-4708-9B21-6128E4D85198}.Release|Any CPU.Build.0 = Release|Any CPU
		{BD2CD120-BFD3-4708-9B21-6128E4D85198}.Release|x64.ActiveCfg = Release|Any CPU
		{BD2CD120-BFD3-4708-9B21-6128E4D85198}.Release|x64.Build.0 = Release|Any CPU
		{5B38ECC7-6710-4360-8D87-E7B7B7275608}.Debug|Any CPU.ActiveCfg = Debug|Any CPU
		{5B38ECC7-6710-4360-8D87-E7B7B7275608}.Debug|Any CPU.Build.0 = Debug|Any CPU
		{5B38ECC7-6710-4360-8D87-E7B7B7275608}.Debug|x64.ActiveCfg = Debug|Any CPU
		{5B38ECC7-6710-4360-8D87-E7B7B7275608}.Debug|x64.Build.0 = Debug|Any CPU
		{5B38ECC7-6710-4360-8D87-E7B7B7275608}.Release|Any CPU.ActiveCfg = Release|Any CPU
		{5B38ECC7-6710-4360-8D87-E7B7B7275608}.Release|Any CPU.Build.0 = Release|Any CPU
		{5B38ECC7-6710-4360-8D87-E7B7B7275608}.Release|x64.ActiveCfg = Release|Any CPU
		{5B38ECC7-6710-4360-8D87-E7B7B7275608}.Release|x64.Build.0 = Release|Any CPU
		{4E0A5464-1130-4290-9B4E-9E08DEF4120E}.Debug|Any CPU.ActiveCfg = Debug|Any CPU
		{4E0A5464-1130-4290-9B4E-9E08DEF4120E}.Debug|Any CPU.Build.0 = Debug|Any CPU
		{4E0A5464-1130-4290-9B4E-9E08DEF4120E}.Debug|x64.ActiveCfg = Debug|Any CPU
		{4E0A5464-1130-4290-9B4E-9E08DEF4120E}.Debug|x64.Build.0 = Debug|Any CPU
		{4E0A5464-1130-4290-9B4E-9E08DEF4120E}.Release|Any CPU.ActiveCfg = Release|Any CPU
		{4E0A5464-1130-4290-9B4E-9E08DEF4120E}.Release|Any CPU.Build.0 = Release|Any CPU
		{4E0A5464-1130-4290-9B4E-9E08DEF4120E}.Release|x64.ActiveCfg = Release|Any CPU
		{4E0A5464-1130-4290-9B4E-9E08DEF4120E}.Release|x64.Build.0 = Release|Any CPU
		{6D3A7D98-ACE0-447A-8693-FEFA14B6F950}.Debug|Any CPU.ActiveCfg = Debug|Any CPU
		{6D3A7D98-ACE0-447A-8693-FEFA14B6F950}.Debug|Any CPU.Build.0 = Debug|Any CPU
		{6D3A7D98-ACE0-447A-8693-FEFA14B6F950}.Debug|x64.ActiveCfg = Debug|Any CPU
		{6D3A7D98-ACE0-447A-8693-FEFA14B6F950}.Debug|x64.Build.0 = Debug|Any CPU
		{6D3A7D98-ACE0-447A-8693-FEFA14B6F950}.Release|Any CPU.ActiveCfg = Release|Any CPU
		{6D3A7D98-ACE0-447A-8693-FEFA14B6F950}.Release|Any CPU.Build.0 = Release|Any CPU
		{6D3A7D98-ACE0-447A-8693-FEFA14B6F950}.Release|x64.ActiveCfg = Release|Any CPU
		{6D3A7D98-ACE0-447A-8693-FEFA14B6F950}.Release|x64.Build.0 = Release|Any CPU
		{096ABB7C-A09C-46E4-A280-A3962AFDACA2}.Debug|Any CPU.ActiveCfg = Debug|Any CPU
		{096ABB7C-A09C-46E4-A280-A3962AFDACA2}.Debug|Any CPU.Build.0 = Debug|Any CPU
		{096ABB7C-A09C-46E4-A280-A3962AFDACA2}.Debug|x64.ActiveCfg = Debug|x64
		{096ABB7C-A09C-46E4-A280-A3962AFDACA2}.Debug|x64.Build.0 = Debug|x64
		{096ABB7C-A09C-46E4-A280-A3962AFDACA2}.Release|Any CPU.ActiveCfg = Release|Any CPU
		{096ABB7C-A09C-46E4-A280-A3962AFDACA2}.Release|Any CPU.Build.0 = Release|Any CPU
		{096ABB7C-A09C-46E4-A280-A3962AFDACA2}.Release|x64.ActiveCfg = Release|x64
		{096ABB7C-A09C-46E4-A280-A3962AFDACA2}.Release|x64.Build.0 = Release|x64
		{B665EC52-5420-4048-8705-781153771A13}.Debug|Any CPU.ActiveCfg = Debug|Any CPU
		{B665EC52-5420-4048-8705-781153771A13}.Debug|Any CPU.Build.0 = Debug|Any CPU
		{B665EC52-5420-4048-8705-781153771A13}.Debug|x64.ActiveCfg = Debug|Any CPU
		{B665EC52-5420-4048-8705-781153771A13}.Release|Any CPU.ActiveCfg = Release|Any CPU
		{B665EC52-5420-4048-8705-781153771A13}.Release|Any CPU.Build.0 = Release|Any CPU
		{B665EC52-5420-4048-8705-781153771A13}.Release|x64.ActiveCfg = Release|Any CPU
	EndGlobalSection
	GlobalSection(SolutionProperties) = preSolution
		HideSolutionNode = FALSE
	EndGlobalSection
EndGlobal
